{
	"name": "eg-db-awws",
	"version": "1.0.1",
	"lockfileVersion": 1,
	"requires": true,
	"dependencies": {
		"eg-jquery-params": {
			"version": "git+https://github.com/eugenegantz/eg-jquery-param.git#96e8d547754f390b811f49e82a2ec68ebf7a22fe"
		},
		"eg-node-ajax": {
			"version": "git+https://github.com/eugenegantz/eg-node-ajax.git#6e1bc33d5ff53f3420c0b2ece83055c69ed0710d",
			"requires": {
				"eg-jquery-params": "git+https://github.com/eugenegantz/eg-jquery-param.git#96e8d547754f390b811f49e82a2ec68ebf7a22fe",
				"iconv-lite": "0.4.19",
				"lodash": "4.17.4"
			}
		},
		"iconv-lite": {
			"version": "0.4.19",
			"resolved": "https://registry.npmjs.org/iconv-lite/-/iconv-lite-0.4.19.tgz",
			"integrity": "sha512-oTZqweIP51xaGPI4uPa56/Pri/480R+mo7SeU+YETByQNhDG55ycFyNLIgta9vXhILrxXDmF7ZGhqZIcuN0gJQ=="
		},
		"lodash": {
			"version": "4.17.4",
			"resolved": "https://registry.npmjs.org/lodash/-/lodash-4.17.4.tgz",
			"integrity": "sha1-eCA6TRwyiuHYbcpkYONptX9AVa4="
		}
	}
}
